
Microsoft Visual Studio Solution File, Format Version 12.00
# Visual Studio Version 16
VisualStudioVersion = 16.0.29409.12
MinimumVisualStudioVersion = 10.0.40219.1
Project("{FAE04EC0-301F-11D3-BF4B-00C04F79EFBC}") = "SitefinityTrain", "SitefinityTrain\SitefinityTrain.csproj", "{9F8AE182-894E-4828-92E7-1552AF5CF085}"
EndProject
Global
	GlobalSection(SolutionConfigurationPlatforms) = preSolution
		Debug|Any CPU = Debug|Any CPU
		Release|Any CPU = Release|Any CPU
	EndGlobalSection
	GlobalSection(ProjectConfigurationPlatforms) = postSolution
		{9F8AE182-894E-4828-92E7-1552AF5CF085}.Debug|Any CPU.ActiveCfg = Debug|Any CPU
		{9F8AE182-894E-4828-92E7-1552AF5CF085}.Debug|Any CPU.Build.0 = Debug|Any CPU
		{9F8AE182-894E-4828-92E7-1552AF5CF085}.Release|Any CPU.ActiveCfg = Release|Any CPU
		{9F8AE182-894E-4828-92E7-1552AF5CF085}.Release|Any CPU.Build.0 = Release|Any CPU
	EndGlobalSection
	GlobalSection(SolutionProperties) = preSolution
		HideSolutionNode = FALSE
	EndGlobalSection
	GlobalSection(ExtensibilityGlobals) = postSolution
		SolutionGuid = {95DBBE0B-CEB3-4438-8687-8CBA17143B05}
	EndGlobalSection
EndGlobal
